// !$*UTF8*$!
{
	archiveVersion = 1;
	classes = {
	};
	objectVersion = 56;
	objects = {

/* Begin PBXBuildFile section */
		BD1F8D762A867A270085A939 /* FluidSynthBridge.h in Headers */ = {isa = PBXBuildFile; fileRef = BDF6F177298D9CFC00376A4A /* FluidSynthBridge.h */; settings = {ATTRIBUTES = (Public, ); }; };
		BD1F8D7D2A867C380085A939 /* FreeFont.sf2 in Resources */ = {isa = PBXBuildFile; fileRef = BD1F8D782A867C380085A939 /* FreeFont.sf2 */; };
		BD1F8D7E2A867C380085A939 /* ZZZ2.sf2 in Resources */ = {isa = PBXBuildFile; fileRef = BD1F8D792A867C380085A939 /* ZZZ2.sf2 */; };
		BD1F8D7F2A867C380085A939 /* ZZZ1.sf2 in Resources */ = {isa = PBXBuildFile; fileRef = BD1F8D7A2A867C380085A939 /* ZZZ1.sf2 */; };
		BD1F8D802A867C380085A939 /* GeneralUser GS MuseScore v1.442.sf2 in Resources */ = {isa = PBXBuildFile; fileRef = BD1F8D7B2A867C380085A939 /* GeneralUser GS MuseScore v1.442.sf2 */; };
		BD1F8D812A867C380085A939 /* RolandNicePiano.sf2 in Resources */ = {isa = PBXBuildFile; fileRef = BD1F8D7C2A867C380085A939 /* RolandNicePiano.sf2 */; };
		BD1F8D832A867C7D0085A939 /* TestResources.swift in Sources */ = {isa = PBXBuildFile; fileRef = BD1F8D822A867C7D0085A939 /* TestResources.swift */; };
		BD86E3D32A86D87600C64D8F /* FluidSynth.framework in Frameworks */ = {isa = PBXBuildFile; fileRef = BD1F93672A86C9720085A939 /* FluidSynth.framework */; };
		BD86E3D42A86DCC500C64D8F /* FluidSynth.framework in Frameworks */ = {isa = PBXBuildFile; fileRef = BD1F93672A86C9720085A939 /* FluidSynth.framework */; };
		BD86E3D52A86DCC500C64D8F /* FluidSynth.framework in Embed Frameworks */ = {isa = PBXBuildFile; fileRef = BD1F93672A86C9720085A939 /* FluidSynth.framework */; settings = {ATTRIBUTES = (CodeSignOnCopy, RemoveHeadersOnCopy, ); }; };
		BDF6F157298D8DCF00376A4A /* FluidSynthAUv3.docc in Sources */ = {isa = PBXBuildFile; fileRef = BDF6F156298D8DCF00376A4A /* FluidSynthAUv3.docc */; };
		BDF6F15D298D8DCF00376A4A /* FluidSynthAUv3.framework in Frameworks */ = {isa = PBXBuildFile; fileRef = BDF6F152298D8DCF00376A4A /* FluidSynthAUv3.framework */; };
		BDF6F162298D8DCF00376A4A /* FluidSynthAUv3Tests.swift in Sources */ = {isa = PBXBuildFile; fileRef = BDF6F161298D8DCF00376A4A /* FluidSynthAUv3Tests.swift */; };
		BDF6F163298D8DCF00376A4A /* FluidSynthAUv3.h in Headers */ = {isa = PBXBuildFile; fileRef = BDF6F155298D8DCF00376A4A /* FluidSynthAUv3.h */; settings = {ATTRIBUTES = (Public, ); }; };
		BDF6F176298D9CAE00376A4A /* FluidSynthBridge.mm in Sources */ = {isa = PBXBuildFile; fileRef = BDF6F175298D9CAE00376A4A /* FluidSynthBridge.mm */; };
/* End PBXBuildFile section */

/* Begin PBXContainerItemProxy section */
		BDF6F15E298D8DCF00376A4A /* PBXContainerItemProxy */ = {
			isa = PBXContainerItemProxy;
			containerPortal = BDF6F149298D8DCF00376A4A /* Project object */;
			proxyType = 1;
			remoteGlobalIDString = BDF6F151298D8DCF00376A4A;
			remoteInfo = FluidSynthAUv3;
		};
/* End PBXContainerItemProxy section */

/* Begin PBXCopyFilesBuildPhase section */
		BD86E3D62A86DCC500C64D8F /* Embed Frameworks */ = {
			isa = PBXCopyFilesBuildPhase;
			buildActionMask = 2147483647;
			dstPath = "";
			dstSubfolderSpec = 10;
			files = (
				BD86E3D52A86DCC500C64D8F /* FluidSynth.framework in Embed Frameworks */,
			);
			name = "Embed Frameworks";
			runOnlyForDeploymentPostprocessing = 0;
		};
/* End PBXCopyFilesBuildPhase section */

/* Begin PBXFileReference section */
		BD1F8D452A865CAE0085A939 /* Accelerate.framework */ = {isa = PBXFileReference; lastKnownFileType = wrapper.framework; name = Accelerate.framework; path = System/Library/Frameworks/Accelerate.framework; sourceTree = SDKROOT; };
		BD1F8D782A867C380085A939 /* FreeFont.sf2 */ = {isa = PBXFileReference; lastKnownFileType = file; path = FreeFont.sf2; sourceTree = "<group>"; };
		BD1F8D792A867C380085A939 /* ZZZ2.sf2 */ = {isa = PBXFileReference; fileEncoding = 4; lastKnownFileType = text; path = ZZZ2.sf2; sourceTree = "<group>"; };
		BD1F8D7A2A867C380085A939 /* ZZZ1.sf2 */ = {isa = PBXFileReference; fileEncoding = 4; lastKnownFileType = text; path = ZZZ1.sf2; sourceTree = "<group>"; };
		BD1F8D7B2A867C380085A939 /* GeneralUser GS MuseScore v1.442.sf2 */ = {isa = PBXFileReference; lastKnownFileType = file; path = "GeneralUser GS MuseScore v1.442.sf2"; sourceTree = "<group>"; };
		BD1F8D7C2A867C380085A939 /* RolandNicePiano.sf2 */ = {isa = PBXFileReference; lastKnownFileType = file; path = RolandNicePiano.sf2; sourceTree = "<group>"; };
		BD1F8D822A867C7D0085A939 /* TestResources.swift */ = {isa = PBXFileReference; lastKnownFileType = sourcecode.swift; path = TestResources.swift; sourceTree = "<group>"; };
		BD1F93672A86C9720085A939 /* FluidSynth.framework */ = {isa = PBXFileReference; lastKnownFileType = wrapper.framework; name = FluidSynth.framework; path = libfluidsynth/Library/Frameworks/FluidSynth.framework; sourceTree = "<group>"; };
		BDF6F152298D8DCF00376A4A /* FluidSynthAUv3.framework */ = {isa = PBXFileReference; explicitFileType = wrapper.framework; includeInIndex = 0; path = FluidSynthAUv3.framework; sourceTree = BUILT_PRODUCTS_DIR; };
		BDF6F155298D8DCF00376A4A /* FluidSynthAUv3.h */ = {isa = PBXFileReference; lastKnownFileType = sourcecode.c.h; path = FluidSynthAUv3.h; sourceTree = "<group>"; };
		BDF6F156298D8DCF00376A4A /* FluidSynthAUv3.docc */ = {isa = PBXFileReference; lastKnownFileType = folder.documentationcatalog; path = FluidSynthAUv3.docc; sourceTree = "<group>"; };
		BDF6F15C298D8DCF00376A4A /* FluidSynthAUv3Tests.xctest */ = {isa = PBXFileReference; explicitFileType = wrapper.cfbundle; includeInIndex = 0; path = FluidSynthAUv3Tests.xctest; sourceTree = BUILT_PRODUCTS_DIR; };
		BDF6F161298D8DCF00376A4A /* FluidSynthAUv3Tests.swift */ = {isa = PBXFileReference; lastKnownFileType = sourcecode.swift; path = FluidSynthAUv3Tests.swift; sourceTree = "<group>"; };
		BDF6F175298D9CAE00376A4A /* FluidSynthBridge.mm */ = {isa = PBXFileReference; lastKnownFileType = sourcecode.cpp.objcpp; path = FluidSynthBridge.mm; sourceTree = "<group>"; };
		BDF6F177298D9CFC00376A4A /* FluidSynthBridge.h */ = {isa = PBXFileReference; lastKnownFileType = sourcecode.c.h; path = FluidSynthBridge.h; sourceTree = "<group>"; };
/* End PBXFileReference section */

/* Begin PBXFrameworksBuildPhase section */
		BDF6F14F298D8DCF00376A4A /* Frameworks */ = {
			isa = PBXFrameworksBuildPhase;
			buildActionMask = 2147483647;
			files = (
				BD86E3D42A86DCC500C64D8F /* FluidSynth.framework in Frameworks */,
			);
			runOnlyForDeploymentPostprocessing = 0;
		};
		BDF6F159298D8DCF00376A4A /* Frameworks */ = {
			isa = PBXFrameworksBuildPhase;
			buildActionMask = 2147483647;
			files = (
				BDF6F15D298D8DCF00376A4A /* FluidSynthAUv3.framework in Frameworks */,
				BD86E3D32A86D87600C64D8F /* FluidSynth.framework in Frameworks */,
			);
			runOnlyForDeploymentPostprocessing = 0;
		};
/* End PBXFrameworksBuildPhase section */

/* Begin PBXGroup section */
		BD1F8D772A867C380085A939 /* Resources */ = {
			isa = PBXGroup;
			children = (
				BD1F8D782A867C380085A939 /* FreeFont.sf2 */,
				BD1F8D792A867C380085A939 /* ZZZ2.sf2 */,
				BD1F8D7A2A867C380085A939 /* ZZZ1.sf2 */,
				BD1F8D7B2A867C380085A939 /* GeneralUser GS MuseScore v1.442.sf2 */,
				BD1F8D7C2A867C380085A939 /* RolandNicePiano.sf2 */,
			);
			path = Resources;
			sourceTree = "<group>";
		};
		BDF6F148298D8DCF00376A4A = {
			isa = PBXGroup;
			children = (
				BDF6F154298D8DCF00376A4A /* FluidSynthAUv3 */,
				BDF6F160298D8DCF00376A4A /* FluidSynthAUv3Tests */,
				BDF6F153298D8DCF00376A4A /* Products */,
				BDF6F16C298D8E2600376A4A /* Frameworks */,
			);
			sourceTree = "<group>";
		};
		BDF6F153298D8DCF00376A4A /* Products */ = {
			isa = PBXGroup;
			children = (
				BDF6F152298D8DCF00376A4A /* FluidSynthAUv3.framework */,
				BDF6F15C298D8DCF00376A4A /* FluidSynthAUv3Tests.xctest */,
			);
			name = Products;
			sourceTree = "<group>";
		};
		BDF6F154298D8DCF00376A4A /* FluidSynthAUv3 */ = {
			isa = PBXGroup;
			children = (
				BDF6F155298D8DCF00376A4A /* FluidSynthAUv3.h */,
				BDF6F175298D9CAE00376A4A /* FluidSynthBridge.mm */,
				BDF6F177298D9CFC00376A4A /* FluidSynthBridge.h */,
				BDF6F156298D8DCF00376A4A /* FluidSynthAUv3.docc */,
			);
			path = FluidSynthAUv3;
			sourceTree = "<group>";
		};
		BDF6F160298D8DCF00376A4A /* FluidSynthAUv3Tests */ = {
			isa = PBXGroup;
			children = (
				BDF6F161298D8DCF00376A4A /* FluidSynthAUv3Tests.swift */,
				BD1F8D822A867C7D0085A939 /* TestResources.swift */,
				BD1F8D772A867C380085A939 /* Resources */,
			);
			path = FluidSynthAUv3Tests;
			sourceTree = "<group>";
		};
		BDF6F16C298D8E2600376A4A /* Frameworks */ = {
			isa = PBXGroup;
			children = (
				BD1F93672A86C9720085A939 /* FluidSynth.framework */,
				BD1F8D452A865CAE0085A939 /* Accelerate.framework */,
			);
			name = Frameworks;
			sourceTree = "<group>";
		};
/* End PBXGroup section */

/* Begin PBXHeadersBuildPhase section */
		BDF6F14D298D8DCF00376A4A /* Headers */ = {
			isa = PBXHeadersBuildPhase;
			buildActionMask = 2147483647;
			files = (
				BDF6F163298D8DCF00376A4A /* FluidSynthAUv3.h in Headers */,
				BD1F8D762A867A270085A939 /* FluidSynthBridge.h in Headers */,
			);
			runOnlyForDeploymentPostprocessing = 0;
		};
/* End PBXHeadersBuildPhase section */

/* Begin PBXNativeTarget section */
		BDF6F151298D8DCF00376A4A /* FluidSynthAUv3 */ = {
			isa = PBXNativeTarget;
			buildConfigurationList = BDF6F166298D8DCF00376A4A /* Build configuration list for PBXNativeTarget "FluidSynthAUv3" */;
			buildPhases = (
				BDF6F14D298D8DCF00376A4A /* Headers */,
				BDF6F14E298D8DCF00376A4A /* Sources */,
				BDF6F14F298D8DCF00376A4A /* Frameworks */,
				BDF6F150298D8DCF00376A4A /* Resources */,
				BD86E3D62A86DCC500C64D8F /* Embed Frameworks */,
			);
			buildRules = (
			);
			dependencies = (
			);
			name = FluidSynthAUv3;
			productName = FluidSynthAUv3;
			productReference = BDF6F152298D8DCF00376A4A /* FluidSynthAUv3.framework */;
			productType = "com.apple.product-type.framework";
		};
		BDF6F15B298D8DCF00376A4A /* FluidSynthAUv3Tests */ = {
			isa = PBXNativeTarget;
			buildConfigurationList = BDF6F169298D8DCF00376A4A /* Build configuration list for PBXNativeTarget "FluidSynthAUv3Tests" */;
			buildPhases = (
				BDF6F158298D8DCF00376A4A /* Sources */,
				BDF6F159298D8DCF00376A4A /* Frameworks */,
				BDF6F15A298D8DCF00376A4A /* Resources */,
			);
			buildRules = (
			);
			dependencies = (
				BDF6F15F298D8DCF00376A4A /* PBXTargetDependency */,
			);
			name = FluidSynthAUv3Tests;
			productName = FluidSynthAUv3Tests;
			productReference = BDF6F15C298D8DCF00376A4A /* FluidSynthAUv3Tests.xctest */;
			productType = "com.apple.product-type.bundle.unit-test";
		};
/* End PBXNativeTarget section */

/* Begin PBXProject section */
		BDF6F149298D8DCF00376A4A /* Project object */ = {
			isa = PBXProject;
			attributes = {
				BuildIndependentTargetsInParallel = 1;
				LastSwiftUpdateCheck = 1430;
				LastUpgradeCheck = 1430;
				TargetAttributes = {
					BDF6F151298D8DCF00376A4A = {
						CreatedOnToolsVersion = 14.2;
					};
					BDF6F15B298D8DCF00376A4A = {
						CreatedOnToolsVersion = 14.2;
					};
				};
			};
			buildConfigurationList = BDF6F14C298D8DCF00376A4A /* Build configuration list for PBXProject "FluidSynthAUv3" */;
			compatibilityVersion = "Xcode 14.0";
			developmentRegion = en;
			hasScannedForEncodings = 0;
			knownRegions = (
				en,
				Base,
			);
			mainGroup = BDF6F148298D8DCF00376A4A;
			productRefGroup = BDF6F153298D8DCF00376A4A /* Products */;
			projectDirPath = "";
			projectRoot = "";
			targets = (
				BDF6F151298D8DCF00376A4A /* FluidSynthAUv3 */,
				BDF6F15B298D8DCF00376A4A /* FluidSynthAUv3Tests */,
			);
		};
/* End PBXProject section */

/* Begin PBXResourcesBuildPhase section */
		BDF6F150298D8DCF00376A4A /* Resources */ = {
			isa = PBXResourcesBuildPhase;
			buildActionMask = 2147483647;
			files = (
			);
			runOnlyForDeploymentPostprocessing = 0;
		};
		BDF6F15A298D8DCF00376A4A /* Resources */ = {
			isa = PBXResourcesBuildPhase;
			buildActionMask = 2147483647;
			files = (
				BD1F8D812A867C380085A939 /* RolandNicePiano.sf2 in Resources */,
				BD1F8D802A867C380085A939 /* GeneralUser GS MuseScore v1.442.sf2 in Resources */,
				BD1F8D7F2A867C380085A939 /* ZZZ1.sf2 in Resources */,
				BD1F8D7D2A867C380085A939 /* FreeFont.sf2 in Resources */,
				BD1F8D7E2A867C380085A939 /* ZZZ2.sf2 in Resources */,
			);
			runOnlyForDeploymentPostprocessing = 0;
		};
/* End PBXResourcesBuildPhase section */

/* Begin PBXSourcesBuildPhase section */
		BDF6F14E298D8DCF00376A4A /* Sources */ = {
			isa = PBXSourcesBuildPhase;
			buildActionMask = 2147483647;
			files = (
				BDF6F176298D9CAE00376A4A /* FluidSynthBridge.mm in Sources */,
				BDF6F157298D8DCF00376A4A /* FluidSynthAUv3.docc in Sources */,
			);
			runOnlyForDeploymentPostprocessing = 0;
		};
		BDF6F158298D8DCF00376A4A /* Sources */ = {
			isa = PBXSourcesBuildPhase;
			buildActionMask = 2147483647;
			files = (
				BDF6F162298D8DCF00376A4A /* FluidSynthAUv3Tests.swift in Sources */,
				BD1F8D832A867C7D0085A939 /* TestResources.swift in Sources */,
			);
			runOnlyForDeploymentPostprocessing = 0;
		};
/* End PBXSourcesBuildPhase section */

/* Begin PBXTargetDependency section */
		BDF6F15F298D8DCF00376A4A /* PBXTargetDependency */ = {
			isa = PBXTargetDependency;
			target = BDF6F151298D8DCF00376A4A /* FluidSynthAUv3 */;
			targetProxy = BDF6F15E298D8DCF00376A4A /* PBXContainerItemProxy */;
		};
/* End PBXTargetDependency section */

/* Begin XCBuildConfiguration section */
		BDF6F164298D8DCF00376A4A /* Debug */ = {
			isa = XCBuildConfiguration;
			buildSettings = {
				ALWAYS_SEARCH_USER_PATHS = NO;
				ARCHS = arm64;
				CLANG_ANALYZER_NONNULL = YES;
				CLANG_ANALYZER_NUMBER_OBJECT_CONVERSION = YES_AGGRESSIVE;
				CLANG_CXX_LANGUAGE_STANDARD = "gnu++20";
				CLANG_ENABLE_MODULES = YES;
				CLANG_ENABLE_OBJC_ARC = YES;
				CLANG_ENABLE_OBJC_WEAK = YES;
				CLANG_WARN_BLOCK_CAPTURE_AUTORELEASING = YES;
				CLANG_WARN_BOOL_CONVERSION = YES;
				CLANG_WARN_COMMA = YES;
				CLANG_WARN_CONSTANT_CONVERSION = YES;
				CLANG_WARN_DEPRECATED_OBJC_IMPLEMENTATIONS = YES;
				CLANG_WARN_DIRECT_OBJC_ISA_USAGE = YES_ERROR;
				CLANG_WARN_DOCUMENTATION_COMMENTS = YES;
				CLANG_WARN_EMPTY_BODY = YES;
				CLANG_WARN_ENUM_CONVERSION = YES;
				CLANG_WARN_INFINITE_RECURSION = YES;
				CLANG_WARN_INT_CONVERSION = YES;
				CLANG_WARN_NON_LITERAL_NULL_CONVERSION = YES;
				CLANG_WARN_OBJC_IMPLICIT_RETAIN_SELF = YES;
				CLANG_WARN_OBJC_LITERAL_CONVERSION = YES;
				CLANG_WARN_OBJC_ROOT_CLASS = YES_ERROR;
				CLANG_WARN_QUOTED_INCLUDE_IN_FRAMEWORK_HEADER = YES;
				CLANG_WARN_RANGE_LOOP_ANALYSIS = YES;
				CLANG_WARN_STRICT_PROTOTYPES = YES;
				CLANG_WARN_SUSPICIOUS_MOVE = YES;
				CLANG_WARN_UNGUARDED_AVAILABILITY = YES_AGGRESSIVE;
				CLANG_WARN_UNREACHABLE_CODE = YES;
				CLANG_WARN__DUPLICATE_METHOD_MATCH = YES;
				COPY_PHASE_STRIP = NO;
				CURRENT_PROJECT_VERSION = 1;
				DEAD_CODE_STRIPPING = YES;
				DEBUG_INFORMATION_FORMAT = dwarf;
				ENABLE_STRICT_OBJC_MSGSEND = YES;
				ENABLE_TESTABILITY = YES;
				GCC_C_LANGUAGE_STANDARD = gnu11;
				GCC_DYNAMIC_NO_PIC = NO;
				GCC_NO_COMMON_BLOCKS = YES;
				GCC_OPTIMIZATION_LEVEL = 0;
				GCC_PREPROCESSOR_DEFINITIONS = (
					"DEBUG=1",
					"$(inherited)",
				);
				GCC_WARN_64_TO_32_BIT_CONVERSION = YES;
				GCC_WARN_ABOUT_RETURN_TYPE = YES_ERROR;
				GCC_WARN_UNDECLARED_SELECTOR = YES;
				GCC_WARN_UNINITIALIZED_AUTOS = YES_AGGRESSIVE;
				GCC_WARN_UNUSED_FUNCTION = YES;
				GCC_WARN_UNUSED_VARIABLE = YES;
				MTL_ENABLE_DEBUG_INFO = INCLUDE_SOURCE;
				MTL_FAST_MATH = YES;
				ONLY_ACTIVE_ARCH = YES;
				SDKROOT = macosx13.3;
				SWIFT_ACTIVE_COMPILATION_CONDITIONS = DEBUG;
				SWIFT_OPTIMIZATION_LEVEL = "-Onone";
				VERSIONING_SYSTEM = "apple-generic";
				VERSION_INFO_PREFIX = "";
			};
			name = Debug;
		};
		BDF6F165298D8DCF00376A4A /* Release */ = {
			isa = XCBuildConfiguration;
			buildSettings = {
				ALWAYS_SEARCH_USER_PATHS = NO;
				ARCHS = arm64;
				CLANG_ANALYZER_NONNULL = YES;
				CLANG_ANALYZER_NUMBER_OBJECT_CONVERSION = YES_AGGRESSIVE;
				CLANG_CXX_LANGUAGE_STANDARD = "gnu++20";
				CLANG_ENABLE_MODULES = YES;
				CLANG_ENABLE_OBJC_ARC = YES;
				CLANG_ENABLE_OBJC_WEAK = YES;
				CLANG_WARN_BLOCK_CAPTURE_AUTORELEASING = YES;
				CLANG_WARN_BOOL_CONVERSION = YES;
				CLANG_WARN_COMMA = YES;
				CLANG_WARN_CONSTANT_CONVERSION = YES;
				CLANG_WARN_DEPRECATED_OBJC_IMPLEMENTATIONS = YES;
				CLANG_WARN_DIRECT_OBJC_ISA_USAGE = YES_ERROR;
				CLANG_WARN_DOCUMENTATION_COMMENTS = YES;
				CLANG_WARN_EMPTY_BODY = YES;
				CLANG_WARN_ENUM_CONVERSION = YES;
				CLANG_WARN_INFINITE_RECURSION = YES;
				CLANG_WARN_INT_CONVERSION = YES;
				CLANG_WARN_NON_LITERAL_NULL_CONVERSION = YES;
				CLANG_WARN_OBJC_IMPLICIT_RETAIN_SELF = YES;
				CLANG_WARN_OBJC_LITERAL_CONVERSION = YES;
				CLANG_WARN_OBJC_ROOT_CLASS = YES_ERROR;
				CLANG_WARN_QUOTED_INCLUDE_IN_FRAMEWORK_HEADER = YES;
				CLANG_WARN_RANGE_LOOP_ANALYSIS = YES;
				CLANG_WARN_STRICT_PROTOTYPES = YES;
				CLANG_WARN_SUSPICIOUS_MOVE = YES;
				CLANG_WARN_UNGUARDED_AVAILABILITY = YES_AGGRESSIVE;
				CLANG_WARN_UNREACHABLE_CODE = YES;
				CLANG_WARN__DUPLICATE_METHOD_MATCH = YES;
				COPY_PHASE_STRIP = NO;
				CURRENT_PROJECT_VERSION = 1;
				DEAD_CODE_STRIPPING = YES;
				DEBUG_INFORMATION_FORMAT = "dwarf-with-dsym";
				ENABLE_NS_ASSERTIONS = NO;
				ENABLE_STRICT_OBJC_MSGSEND = YES;
				GCC_C_LANGUAGE_STANDARD = gnu11;
				GCC_NO_COMMON_BLOCKS = YES;
				GCC_WARN_64_TO_32_BIT_CONVERSION = YES;
				GCC_WARN_ABOUT_RETURN_TYPE = YES_ERROR;
				GCC_WARN_UNDECLARED_SELECTOR = YES;
				GCC_WARN_UNINITIALIZED_AUTOS = YES_AGGRESSIVE;
				GCC_WARN_UNUSED_FUNCTION = YES;
				GCC_WARN_UNUSED_VARIABLE = YES;
				MTL_ENABLE_DEBUG_INFO = NO;
				MTL_FAST_MATH = YES;
				SDKROOT = macosx13.3;
				SWIFT_COMPILATION_MODE = wholemodule;
				SWIFT_OPTIMIZATION_LEVEL = "-O";
				VERSIONING_SYSTEM = "apple-generic";
				VERSION_INFO_PREFIX = "";
			};
			name = Release;
		};
		BDF6F167298D8DCF00376A4A /* Debug */ = {
			isa = XCBuildConfiguration;
			buildSettings = {
				CODE_SIGN_IDENTITY = "";
				CODE_SIGN_STYLE = Automatic;
				CURRENT_PROJECT_VERSION = 1;
				DEAD_CODE_STRIPPING = YES;
				DEFINES_MODULE = YES;
				DEVELOPMENT_TEAM = UP6SS5ES7E;
				DYLIB_COMPATIBILITY_VERSION = 1;
				DYLIB_CURRENT_VERSION = 1;
				DYLIB_INSTALL_NAME_BASE = "@rpath";
				ENABLE_MODULE_VERIFIER = YES;
				FRAMEWORK_SEARCH_PATHS = (
					"$(inherited)",
					"$(PROJECT_DIR)/libfluidsynth/Library/Frameworks",
				);
				GENERATE_INFOPLIST_FILE = YES;
				INFOPLIST_KEY_NSHumanReadableCopyright = "";
				INSTALL_PATH = "$(LOCAL_LIBRARY_DIR)/Frameworks";
				IPHONEOS_DEPLOYMENT_TARGET = 16.2;
				LD_RUNPATH_SEARCH_PATHS = (
					"@executable_path/Frameworks",
					"@loader_path/Frameworks",
				);
				"LD_RUNPATH_SEARCH_PATHS[sdk=macosx*]" = (
					"@executable_path/../Frameworks",
					"@loader_path/Frameworks",
				);
				MACOSX_DEPLOYMENT_TARGET = 13.0;
				MARKETING_VERSION = 1.0;
				MODULE_VERIFIER_SUPPORTED_LANGUAGES = "objective-c objective-c++";
				MODULE_VERIFIER_SUPPORTED_LANGUAGE_STANDARDS = "gnu11 gnu++20";
				PRODUCT_BUNDLE_IDENTIFIER = com.braysoftware.FluidSynthAUv3;
				PRODUCT_NAME = "$(TARGET_NAME:c99extidentifier)";
				SDKROOT = macosx;
				SKIP_INSTALL = YES;
				SUPPORTED_PLATFORMS = macosx;
				SUPPORTS_MACCATALYST = NO;
				SUPPORTS_MAC_DESIGNED_FOR_IPHONE_IPAD = NO;
				SWIFT_EMIT_LOC_STRINGS = YES;
				SWIFT_VERSION = 5.0;
			};
			name = Debug;
		};
		BDF6F168298D8DCF00376A4A /* Release */ = {
			isa = XCBuildConfiguration;
			buildSettings = {
				CODE_SIGN_IDENTITY = "";
				CODE_SIGN_STYLE = Automatic;
				CURRENT_PROJECT_VERSION = 1;
				DEAD_CODE_STRIPPING = YES;
				DEFINES_MODULE = YES;
				DEVELOPMENT_TEAM = UP6SS5ES7E;
				DYLIB_COMPATIBILITY_VERSION = 1;
				DYLIB_CURRENT_VERSION = 1;
				DYLIB_INSTALL_NAME_BASE = "@rpath";
				ENABLE_MODULE_VERIFIER = YES;
				FRAMEWORK_SEARCH_PATHS = (
					"$(inherited)",
					"$(PROJECT_DIR)/libfluidsynth/Library/Frameworks",
				);
				GENERATE_INFOPLIST_FILE = YES;
				INFOPLIST_KEY_NSHumanReadableCopyright = "";
				INSTALL_PATH = "$(LOCAL_LIBRARY_DIR)/Frameworks";
				IPHONEOS_DEPLOYMENT_TARGET = 16.2;
				LD_RUNPATH_SEARCH_PATHS = (
					"@executable_path/Frameworks",
					"@loader_path/Frameworks",
				);
				"LD_RUNPATH_SEARCH_PATHS[sdk=macosx*]" = (
					"@executable_path/../Frameworks",
					"@loader_path/Frameworks",
				);
				MACOSX_DEPLOYMENT_TARGET = 13.0;
				MARKETING_VERSION = 1.0;
				MODULE_VERIFIER_SUPPORTED_LANGUAGES = "objective-c objective-c++";
				MODULE_VERIFIER_SUPPORTED_LANGUAGE_STANDARDS = "gnu11 gnu++20";
				PRODUCT_BUNDLE_IDENTIFIER = com.braysoftware.FluidSynthAUv3;
				PRODUCT_NAME = "$(TARGET_NAME:c99extidentifier)";
				SDKROOT = macosx;
				SKIP_INSTALL = YES;
				SUPPORTED_PLATFORMS = macosx;
				SUPPORTS_MACCATALYST = NO;
				SUPPORTS_MAC_DESIGNED_FOR_IPHONE_IPAD = NO;
				SWIFT_EMIT_LOC_STRINGS = YES;
				SWIFT_VERSION = 5.0;
			};
			name = Release;
		};
		BDF6F16A298D8DCF00376A4A /* Debug */ = {
			isa = XCBuildConfiguration;
			buildSettings = {
				CODE_SIGN_STYLE = Automatic;
				CURRENT_PROJECT_VERSION = 1;
				DEAD_CODE_STRIPPING = YES;
				DEVELOPMENT_TEAM = UP6SS5ES7E;
				FRAMEWORK_SEARCH_PATHS = (
					"$(inherited)",
					"$(PROJECT_DIR)/libfluidsynth/Library/Frameworks",
				);
				GENERATE_INFOPLIST_FILE = YES;
				IPHONEOS_DEPLOYMENT_TARGET = 16.2;
				MACOSX_DEPLOYMENT_TARGET = 13.0;
				MARKETING_VERSION = 1.0;
				PRODUCT_BUNDLE_IDENTIFIER = com.braysoftware.FluidSynthAUv3Tests;
				PRODUCT_NAME = "$(TARGET_NAME)";
				SDKROOT = auto;
				SUPPORTED_PLATFORMS = macosx;
				SWIFT_EMIT_LOC_STRINGS = NO;
				SWIFT_VERSION = 5.0;
				TARGETED_DEVICE_FAMILY = "1,2";
			};
			name = Debug;
		};
		BDF6F16B298D8DCF00376A4A /* Release */ = {
			isa = XCBuildConfiguration;
			buildSettings = {
				CODE_SIGN_STYLE = Automatic;
				CURRENT_PROJECT_VERSION = 1;
				DEAD_CODE_STRIPPING = YES;
				DEVELOPMENT_TEAM = UP6SS5ES7E;
				FRAMEWORK_SEARCH_PATHS = (
					"$(inherited)",
					"$(PROJECT_DIR)/libfluidsynth/Library/Frameworks",
				);
				GENERATE_INFOPLIST_FILE = YES;
				IPHONEOS_DEPLOYMENT_TARGET = 16.2;
				MACOSX_DEPLOYMENT_TARGET = 13.0;
				MARKETING_VERSION = 1.0;
				PRODUCT_BUNDLE_IDENTIFIER = com.braysoftware.FluidSynthAUv3Tests;
				PRODUCT_NAME = "$(TARGET_NAME)";
				SDKROOT = auto;
				SUPPORTED_PLATFORMS = macosx;
				SWIFT_EMIT_LOC_STRINGS = NO;
				SWIFT_VERSION = 5.0;
				TARGETED_DEVICE_FAMILY = "1,2";
			};
			name = Release;
		};
/* End XCBuildConfiguration section */

/* Begin XCConfigurationList section */
		BDF6F14C298D8DCF00376A4A /* Build configuration list for PBXProject "FluidSynthAUv3" */ = {
			isa = XCConfigurationList;
			buildConfigurations = (
				BDF6F164298D8DCF00376A4A /* Debug */,
				BDF6F165298D8DCF00376A4A /* Release */,
			);
			defaultConfigurationIsVisible = 0;
			defaultConfigurationName = Release;
		};
		BDF6F166298D8DCF00376A4A /* Build configuration list for PBXNativeTarget "FluidSynthAUv3" */ = {
			isa = XCConfigurationList;
			buildConfigurations = (
				BDF6F167298D8DCF00376A4A /* Debug */,
				BDF6F168298D8DCF00376A4A /* Release */,
			);
			defaultConfigurationIsVisible = 0;
			defaultConfigurationName = Release;
		};
		BDF6F169298D8DCF00376A4A /* Build configuration list for PBXNativeTarget "FluidSynthAUv3Tests" */ = {
			isa = XCConfigurationList;
			buildConfigurations = (
				BDF6F16A298D8DCF00376A4A /* Debug */,
				BDF6F16B298D8DCF00376A4A /* Release */,
			);
			defaultConfigurationIsVisible = 0;
			defaultConfigurationName = Release;
		};
/* End XCConfigurationList section */
	};
	rootObject = BDF6F149298D8DCF00376A4A /* Project object */;
}
